{
    "name": "p5-typescript-starter",
    "version": "1.0.0",
    "lockfileVersion": 3,
    "requires": true,
    "packages": {
        "": {
            "name": "p5-typescript-starter",
            "version": "1.0.0",
            "devDependencies": {
                "@types/p5": "^1.7.0",
                "typescript": "^5.2.2"
            }
        },
        "node_modules/@types/p5": {
            "version": "1.7.0",
            "dev": true,
            "license": "MIT"
        },
        "node_modules/typescript": {
            "version": "5.2.2",
            "dev": true,
            "license": "Apache-2.0",
            "bin": {
                "tsc": "bin/tsc",
                "tsserver": "bin/tsserver"
            },
            "engines": {
                "node": ">=14.17"
            }
        }
    }
}
